// !$*UTF8*$!
{
	archiveVersion = 1;
	classes = {
	};
	objectVersion = 56;
	objects = {

/* Begin PBXBuildFile section */
		3BDCCC3B2B2AF1F600C7E185 /* AppDelegate.swift in Sources */ = {isa = PBXBuildFile; fileRef = 3BDCCC3A2B2AF1F600C7E185 /* AppDelegate.swift */; };
		3BDCCC3D2B2AF1F600C7E185 /* SceneDelegate.swift in Sources */ = {isa = PBXBuildFile; fileRef = 3BDCCC3C2B2AF1F600C7E185 /* SceneDelegate.swift */; };
		3BDCCC3F2B2AF1F600C7E185 /* LoginViewController.swift in Sources */ = {isa = PBXBuildFile; fileRef = 3BDCCC3E2B2AF1F600C7E185 /* LoginViewController.swift */; };
		3BDCCC422B2AF1F600C7E185 /* Main.storyboard in Resources */ = {isa = PBXBuildFile; fileRef = 3BDCCC402B2AF1F600C7E185 /* Main.storyboard */; };
		3BDCCC442B2AF1F800C7E185 /* Assets.xcassets in Resources */ = {isa = PBXBuildFile; fileRef = 3BDCCC432B2AF1F800C7E185 /* Assets.xcassets */; };
		3BDCCC472B2AF1F800C7E185 /* LaunchScreen.storyboard in Resources */ = {isa = PBXBuildFile; fileRef = 3BDCCC452B2AF1F800C7E185 /* LaunchScreen.storyboard */; };
		3BE8004D2B2B0A8C006FE1B2 /* GoogleService-Info.plist in Resources */ = {isa = PBXBuildFile; fileRef = 3BE8004C2B2B0A8C006FE1B2 /* GoogleService-Info.plist */; };
		DAF1077F70D4FAE0095C91CC /* Pods_chatApplication.framework in Frameworks */ = {isa = PBXBuildFile; fileRef = 3ECB7DF4C4F9A3ED2099E765 /* Pods_chatApplication.framework */; };
/* End PBXBuildFile section */

/* Begin PBXFileReference section */
		0D20A08B0E08D9FEFB04F32C /* Pods-chatApplication.debug.xcconfig */ = {isa = PBXFileReference; includeInIndex = 1; lastKnownFileType = text.xcconfig; name = "Pods-chatApplication.debug.xcconfig"; path = "Target Support Files/Pods-chatApplication/Pods-chatApplication.debug.xcconfig"; sourceTree = "<group>"; };
		3BDCCC372B2AF1F600C7E185 /* chatApplication.app */ = {isa = PBXFileReference; explicitFileType = wrapper.application; includeInIndex = 0; path = chatApplication.app; sourceTree = BUILT_PRODUCTS_DIR; };
		3BDCCC3A2B2AF1F600C7E185 /* AppDelegate.swift */ = {isa = PBXFileReference; lastKnownFileType = sourcecode.swift; path = AppDelegate.swift; sourceTree = "<group>"; };
		3BDCCC3C2B2AF1F600C7E185 /* SceneDelegate.swift */ = {isa = PBXFileReference; lastKnownFileType = sourcecode.swift; path = SceneDelegate.swift; sourceTree = "<group>"; };
		3BDCCC3E2B2AF1F600C7E185 /* LoginViewController.swift */ = {isa = PBXFileReference; lastKnownFileType = sourcecode.swift; path = LoginViewController.swift; sourceTree = "<group>"; };
		3BDCCC412B2AF1F600C7E185 /* Base */ = {isa = PBXFileReference; lastKnownFileType = file.storyboard; name = Base; path = Base.lproj/Main.storyboard; sourceTree = "<group>"; };
		3BDCCC432B2AF1F800C7E185 /* Assets.xcassets */ = {isa = PBXFileReference; lastKnownFileType = folder.assetcatalog; path = Assets.xcassets; sourceTree = "<group>"; };
		3BDCCC462B2AF1F800C7E185 /* Base */ = {isa = PBXFileReference; lastKnownFileType = file.storyboard; name = Base; path = Base.lproj/LaunchScreen.storyboard; sourceTree = "<group>"; };
		3BDCCC482B2AF1F800C7E185 /* Info.plist */ = {isa = PBXFileReference; lastKnownFileType = text.plist.xml; path = Info.plist; sourceTree = "<group>"; };
		3BE8004C2B2B0A8C006FE1B2 /* GoogleService-Info.plist */ = {isa = PBXFileReference; fileEncoding = 4; lastKnownFileType = text.plist.xml; path = "GoogleService-Info.plist"; sourceTree = "<group>"; };
		3ECB7DF4C4F9A3ED2099E765 /* Pods_chatApplication.framework */ = {isa = PBXFileReference; explicitFileType = wrapper.framework; includeInIndex = 0; path = Pods_chatApplication.framework; sourceTree = BUILT_PRODUCTS_DIR; };
		40B103E592C8A252D04FA2BC /* Pods-chatApplication.release.xcconfig */ = {isa = PBXFileReference; includeInIndex = 1; lastKnownFileType = text.xcconfig; name = "Pods-chatApplication.release.xcconfig"; path = "Target Support Files/Pods-chatApplication/Pods-chatApplication.release.xcconfig"; sourceTree = "<group>"; };
/* End PBXFileReference section */

/* Begin PBXFrameworksBuildPhase section */
		3BDCCC342B2AF1F600C7E185 /* Frameworks */ = {
			isa = PBXFrameworksBuildPhase;
			buildActionMask = 2147483647;
			files = (
				DAF1077F70D4FAE0095C91CC /* Pods_chatApplication.framework in Frameworks */,
			);
			runOnlyForDeploymentPostprocessing = 0;
		};
/* End PBXFrameworksBuildPhase section */

/* Begin PBXGroup section */
		1E174B682C516496D214D696 /* Pods */ = {
			isa = PBXGroup;
			children = (
				0D20A08B0E08D9FEFB04F32C /* Pods-chatApplication.debug.xcconfig */,
				40B103E592C8A252D04FA2BC /* Pods-chatApplication.release.xcconfig */,
			);
			path = Pods;
			sourceTree = "<group>";
		};
		3BDCCC2E2B2AF1F600C7E185 = {
			isa = PBXGroup;
			children = (
				3BDCCC392B2AF1F600C7E185 /* chatApplication */,
				3BDCCC382B2AF1F600C7E185 /* Products */,
				1E174B682C516496D214D696 /* Pods */,
				985D41AF29853FD0B798AF51 /* Frameworks */,
			);
			sourceTree = "<group>";
		};
		3BDCCC382B2AF1F600C7E185 /* Products */ = {
			isa = PBXGroup;
			children = (
				3BDCCC372B2AF1F600C7E185 /* chatApplication.app */,
			);
			name = Products;
			sourceTree = "<group>";
		};
		3BDCCC392B2AF1F600C7E185 /* chatApplication */ = {
			isa = PBXGroup;
			children = (
				3BDCCC3A2B2AF1F600C7E185 /* AppDelegate.swift */,
				3BDCCC3C2B2AF1F600C7E185 /* SceneDelegate.swift */,
				3BDCCC3E2B2AF1F600C7E185 /* LoginViewController.swift */,
				3BDCCC402B2AF1F600C7E185 /* Main.storyboard */,
				3BDCCC432B2AF1F800C7E185 /* Assets.xcassets */,
				3BDCCC452B2AF1F800C7E185 /* LaunchScreen.storyboard */,
				3BDCCC482B2AF1F800C7E185 /* Info.plist */,
				3BE8004C2B2B0A8C006FE1B2 /* GoogleService-Info.plist */,
			);
			path = chatApplication;
			sourceTree = "<group>";
		};
		985D41AF29853FD0B798AF51 /* Frameworks */ = {
			isa = PBXGroup;
			children = (
				3ECB7DF4C4F9A3ED2099E765 /* Pods_chatApplication.framework */,
			);
			name = Frameworks;
			sourceTree = "<group>";
		};
/* End PBXGroup section */

/* Begin PBXNativeTarget section */
		3BDCCC362B2AF1F600C7E185 /* chatApplication */ = {
			isa = PBXNativeTarget;
			buildConfigurationList = 3BDCCC4B2B2AF1F800C7E185 /* Build configuration list for PBXNativeTarget "chatApplication" */;
			buildPhases = (
				0EAA8729DB4501B74E47B671 /* [CP] Check Pods Manifest.lock */,
				3BDCCC332B2AF1F600C7E185 /* Sources */,
				3BDCCC342B2AF1F600C7E185 /* Frameworks */,
				3BDCCC352B2AF1F600C7E185 /* Resources */,
				EAF02F14736B2C0536550681 /* [CP] Embed Pods Frameworks */,
			);
			buildRules = (
			);
			dependencies = (
			);
			name = chatApplication;
			productName = chatApplication;
			productReference = 3BDCCC372B2AF1F600C7E185 /* chatApplication.app */;
			productType = "com.apple.product-type.application";
		};
/* End PBXNativeTarget section */

/* Begin PBXProject section */
		3BDCCC2F2B2AF1F600C7E185 /* Project object */ = {
			isa = PBXProject;
			attributes = {
				BuildIndependentTargetsInParallel = 1;
				LastSwiftUpdateCheck = 1420;
				LastUpgradeCheck = 1420;
				TargetAttributes = {
					3BDCCC362B2AF1F600C7E185 = {
						CreatedOnToolsVersion = 14.2;
					};
				};
			};
			buildConfigurationList = 3BDCCC322B2AF1F600C7E185 /* Build configuration list for PBXProject "chatApplication" */;
			compatibilityVersion = "Xcode 14.0";
			developmentRegion = en;
			hasScannedForEncodings = 0;
			knownRegions = (
				en,
				Base,
			);
			mainGroup = 3BDCCC2E2B2AF1F600C7E185;
			productRefGroup = 3BDCCC382B2AF1F600C7E185 /* Products */;
			projectDirPath = "";
			projectRoot = "";
			targets = (
				3BDCCC362B2AF1F600C7E185 /* chatApplication */,
			);
		};
/* End PBXProject section */

/* Begin PBXResourcesBuildPhase section */
		3BDCCC352B2AF1F600C7E185 /* Resources */ = {
			isa = PBXResourcesBuildPhase;
			buildActionMask = 2147483647;
			files = (
				3BDCCC472B2AF1F800C7E185 /* LaunchScreen.storyboard in Resources */,
				3BE8004D2B2B0A8C006FE1B2 /* GoogleService-Info.plist in Resources */,
				3BDCCC442B2AF1F800C7E185 /* Assets.xcassets in Resources */,
				3BDCCC422B2AF1F600C7E185 /* Main.storyboard in Resources */,
			);
			runOnlyForDeploymentPostprocessing = 0;
		};
/* End PBXResourcesBuildPhase section */

/* Begin PBXShellScriptBuildPhase section */
		0EAA8729DB4501B74E47B671 /* [CP] Check Pods Manifest.lock */ = {
			isa = PBXShellScriptBuildPhase;
			buildActionMask = 2147483647;
			files = (
			);
			inputFileListPaths = (
			);
			inputPaths = (
				"${PODS_PODFILE_DIR_PATH}/Podfile.lock",
				"${PODS_ROOT}/Manifest.lock",
			);
			name = "[CP] Check Pods Manifest.lock";
			outputFileListPaths = (
			);
			outputPaths = (
				"$(DERIVED_FILE_DIR)/Pods-chatApplication-checkManifestLockResult.txt",
			);
			runOnlyForDeploymentPostprocessing = 0;
			shellPath = /bin/sh;
			shellScript = "diff \"${PODS_PODFILE_DIR_PATH}/Podfile.lock\" \"${PODS_ROOT}/Manifest.lock\" > /dev/null\nif [ $? != 0 ] ; then\n    # print error to STDERR\n    echo \"error: The sandbox is not in sync with the Podfile.lock. Run 'pod install' or update your CocoaPods installation.\" >&2\n    exit 1\nfi\n# This output is used by Xcode 'outputs' to avoid re-running this script phase.\necho \"SUCCESS\" > \"${SCRIPT_OUTPUT_FILE_0}\"\n";
			showEnvVarsInLog = 0;
		};
		EAF02F14736B2C0536550681 /* [CP] Embed Pods Frameworks */ = {
			isa = PBXShellScriptBuildPhase;
			buildActionMask = 2147483647;
			files = (
			);
			inputFileListPaths = (
				"${PODS_ROOT}/Target Support Files/Pods-chatApplication/Pods-chatApplication-frameworks-${CONFIGURATION}-input-files.xcfilelist",
			);
			name = "[CP] Embed Pods Frameworks";
			outputFileListPaths = (
				"${PODS_ROOT}/Target Support Files/Pods-chatApplication/Pods-chatApplication-frameworks-${CONFIGURATION}-output-files.xcfilelist",
			);
			runOnlyForDeploymentPostprocessing = 0;
			shellPath = /bin/sh;
			shellScript = "\"${PODS_ROOT}/Target Support Files/Pods-chatApplication/Pods-chatApplication-frameworks.sh\"\n";
			showEnvVarsInLog = 0;
		};
/* End PBXShellScriptBuildPhase section */

/* Begin PBXSourcesBuildPhase section */
		3BDCCC332B2AF1F600C7E185 /* Sources */ = {
			isa = PBXSourcesBuildPhase;
			buildActionMask = 2147483647;
			files = (
				3BDCCC3F2B2AF1F600C7E185 /* LoginViewController.swift in Sources */,
				3BDCCC3B2B2AF1F600C7E185 /* AppDelegate.swift in Sources */,
				3BDCCC3D2B2AF1F600C7E185 /* SceneDelegate.swift in Sources */,
			);
			runOnlyForDeploymentPostprocessing = 0;
		};
/* End PBXSourcesBuildPhase section */

/* Begin PBXVariantGroup section */
		3BDCCC402B2AF1F600C7E185 /* Main.storyboard */ = {
			isa = PBXVariantGroup;
			children = (
				3BDCCC412B2AF1F600C7E185 /* Base */,
			);
			name = Main.storyboard;
			sourceTree = "<group>";
		};
		3BDCCC452B2AF1F800C7E185 /* LaunchScreen.storyboard */ = {
			isa = PBXVariantGroup;
			children = (
				3BDCCC462B2AF1F800C7E185 /* Base */,
			);
			name = LaunchScreen.storyboard;
			sourceTree = "<group>";
		};
/* End PBXVariantGroup section */

/* Begin XCBuildConfiguration section */
		3BDCCC492B2AF1F800C7E185 /* Debug */ = {
			isa = XCBuildConfiguration;
			buildSettings = {
				ALWAYS_SEARCH_USER_PATHS = NO;
				CLANG_ANALYZER_NONNULL = YES;
				CLANG_ANALYZER_NUMBER_OBJECT_CONVERSION = YES_AGGRESSIVE;
				CLANG_CXX_LANGUAGE_STANDARD = "gnu++20";
				CLANG_ENABLE_MODULES = YES;
				CLANG_ENABLE_OBJC_ARC = YES;
				CLANG_ENABLE_OBJC_WEAK = YES;
				CLANG_WARN_BLOCK_CAPTURE_AUTORELEASING = YES;
				CLANG_WARN_BOOL_CONVERSION = YES;
				CLANG_WARN_COMMA = YES;
				CLANG_WARN_CONSTANT_CONVERSION = YES;
				CLANG_WARN_DEPRECATED_OBJC_IMPLEMENTATIONS = YES;
				CLANG_WARN_DIRECT_OBJC_ISA_USAGE = YES_ERROR;
				CLANG_WARN_DOCUMENTATION_COMMENTS = YES;
				CLANG_WARN_EMPTY_BODY = YES;
				CLANG_WARN_ENUM_CONVERSION = YES;
				CLANG_WARN_INFINITE_RECURSION = YES;
				CLANG_WARN_INT_CONVERSION = YES;
				CLANG_WARN_NON_LITERAL_NULL_CONVERSION = YES;
				CLANG_WARN_OBJC_IMPLICIT_RETAIN_SELF = YES;
				CLANG_WARN_OBJC_LITERAL_CONVERSION = YES;
				CLANG_WARN_OBJC_ROOT_CLASS = YES_ERROR;
				CLANG_WARN_QUOTED_INCLUDE_IN_FRAMEWORK_HEADER = YES;
				CLANG_WARN_RANGE_LOOP_ANALYSIS = YES;
				CLANG_WARN_STRICT_PROTOTYPES = YES;
				CLANG_WARN_SUSPICIOUS_MOVE = YES;
				CLANG_WARN_UNGUARDED_AVAILABILITY = YES_AGGRESSIVE;
				CLANG_WARN_UNREACHABLE_CODE = YES;
				CLANG_WARN__DUPLICATE_METHOD_MATCH = YES;
				COPY_PHASE_STRIP = NO;
				DEBUG_INFORMATION_FORMAT = dwarf;
				ENABLE_STRICT_OBJC_MSGSEND = YES;
				ENABLE_TESTABILITY = YES;
				GCC_C_LANGUAGE_STANDARD = gnu11;
				GCC_DYNAMIC_NO_PIC = NO;
				GCC_NO_COMMON_BLOCKS = YES;
				GCC_OPTIMIZATION_LEVEL = 0;
				GCC_PREPROCESSOR_DEFINITIONS = (
					"DEBUG=1",
					"$(inherited)",
				);
				GCC_WARN_64_TO_32_BIT_CONVERSION = YES;
				GCC_WARN_ABOUT_RETURN_TYPE = YES_ERROR;
				GCC_WARN_UNDECLARED_SELECTOR = YES;
				GCC_WARN_UNINITIALIZED_AUTOS = YES_AGGRESSIVE;
				GCC_WARN_UNUSED_FUNCTION = YES;
				GCC_WARN_UNUSED_VARIABLE = YES;
				IPHONEOS_DEPLOYMENT_TARGET = 16.2;
				MTL_ENABLE_DEBUG_INFO = INCLUDE_SOURCE;
				MTL_FAST_MATH = YES;
				ONLY_ACTIVE_ARCH = YES;
				SDKROOT = iphoneos;
				SWIFT_ACTIVE_COMPILATION_CONDITIONS = DEBUG;
				SWIFT_OPTIMIZATION_LEVEL = "-Onone";
			};
			name = Debug;
		};
		3BDCCC4A2B2AF1F800C7E185 /* Release */ = {
			isa = XCBuildConfiguration;
			buildSettings = {
				ALWAYS_SEARCH_USER_PATHS = NO;
				CLANG_ANALYZER_NONNULL = YES;
				CLANG_ANALYZER_NUMBER_OBJECT_CONVERSION = YES_AGGRESSIVE;
				CLANG_CXX_LANGUAGE_STANDARD = "gnu++20";
				CLANG_ENABLE_MODULES = YES;
				CLANG_ENABLE_OBJC_ARC = YES;
				CLANG_ENABLE_OBJC_WEAK = YES;
				CLANG_WARN_BLOCK_CAPTURE_AUTORELEASING = YES;
				CLANG_WARN_BOOL_CONVERSION = YES;
				CLANG_WARN_COMMA = YES;
				CLANG_WARN_CONSTANT_CONVERSION = YES;
				CLANG_WARN_DEPRECATED_OBJC_IMPLEMENTATIONS = YES;
				CLANG_WARN_DIRECT_OBJC_ISA_USAGE = YES_ERROR;
				CLANG_WARN_DOCUMENTATION_COMMENTS = YES;
				CLANG_WARN_EMPTY_BODY = YES;
				CLANG_WARN_ENUM_CONVERSION = YES;
				CLANG_WARN_INFINITE_RECURSION = YES;
				CLANG_WARN_INT_CONVERSION = YES;
				CLANG_WARN_NON_LITERAL_NULL_CONVERSION = YES;
				CLANG_WARN_OBJC_IMPLICIT_RETAIN_SELF = YES;
				CLANG_WARN_OBJC_LITERAL_CONVERSION = YES;
				CLANG_WARN_OBJC_ROOT_CLASS = YES_ERROR;
				CLANG_WARN_QUOTED_INCLUDE_IN_FRAMEWORK_HEADER = YES;
				CLANG_WARN_RANGE_LOOP_ANALYSIS = YES;
				CLANG_WARN_STRICT_PROTOTYPES = YES;
				CLANG_WARN_SUSPICIOUS_MOVE = YES;
				CLANG_WARN_UNGUARDED_AVAILABILITY = YES_AGGRESSIVE;
				CLANG_WARN_UNREACHABLE_CODE = YES;
				CLANG_WARN__DUPLICATE_METHOD_MATCH = YES;
				COPY_PHASE_STRIP = NO;
				DEBUG_INFORMATION_FORMAT = "dwarf-with-dsym";
				ENABLE_NS_ASSERTIONS = NO;
				ENABLE_STRICT_OBJC_MSGSEND = YES;
				GCC_C_LANGUAGE_STANDARD = gnu11;
				GCC_NO_COMMON_BLOCKS = YES;
				GCC_WARN_64_TO_32_BIT_CONVERSION = YES;
				GCC_WARN_ABOUT_RETURN_TYPE = YES_ERROR;
				GCC_WARN_UNDECLARED_SELECTOR = YES;
				GCC_WARN_UNINITIALIZED_AUTOS = YES_AGGRESSIVE;
				GCC_WARN_UNUSED_FUNCTION = YES;
				GCC_WARN_UNUSED_VARIABLE = YES;
				IPHONEOS_DEPLOYMENT_TARGET = 16.2;
				MTL_ENABLE_DEBUG_INFO = NO;
				MTL_FAST_MATH = YES;
				SDKROOT = iphoneos;
				SWIFT_COMPILATION_MODE = wholemodule;
				SWIFT_OPTIMIZATION_LEVEL = "-O";
				VALIDATE_PRODUCT = YES;
			};
			name = Release;
		};
		3BDCCC4C2B2AF1F800C7E185 /* Debug */ = {
			isa = XCBuildConfiguration;
			baseConfigurationReference = 0D20A08B0E08D9FEFB04F32C /* Pods-chatApplication.debug.xcconfig */;
			buildSettings = {
				ASSETCATALOG_COMPILER_APPICON_NAME = AppIcon;
				ASSETCATALOG_COMPILER_GLOBAL_ACCENT_COLOR_NAME = AccentColor;
				CODE_SIGN_STYLE = Automatic;
				CURRENT_PROJECT_VERSION = 1;
				DEVELOPMENT_TEAM = "";
				GENERATE_INFOPLIST_FILE = YES;
				INFOPLIST_FILE = chatApplication/Info.plist;
				INFOPLIST_KEY_UIApplicationSupportsIndirectInputEvents = YES;
				INFOPLIST_KEY_UILaunchStoryboardName = LaunchScreen;
				INFOPLIST_KEY_UIMainStoryboardFile = Main;
				INFOPLIST_KEY_UISupportedInterfaceOrientations_iPad = "UIInterfaceOrientationPortrait UIInterfaceOrientationPortraitUpsideDown UIInterfaceOrientationLandscapeLeft UIInterfaceOrientationLandscapeRight";
				INFOPLIST_KEY_UISupportedInterfaceOrientations_iPhone = "UIInterfaceOrientationPortrait UIInterfaceOrientationLandscapeLeft UIInterfaceOrientationLandscapeRight";
				IPHONEOS_DEPLOYMENT_TARGET = 16.3;
				LD_RUNPATH_SEARCH_PATHS = (
					"$(inherited)",
					"@executable_path/Frameworks",
				);
				MARKETING_VERSION = 1.0;
				PRODUCT_BUNDLE_IDENTIFIER = cynex.chatApplication;
				PRODUCT_NAME = "$(TARGET_NAME)";
				SWIFT_EMIT_LOC_STRINGS = YES;
				SWIFT_VERSION = 5.0;
				TARGETED_DEVICE_FAMILY = "1,2";
			};
			name = Debug;
		};
		3BDCCC4D2B2AF1F800C7E185 /* Release */ = {
			isa = XCBuildConfiguration;
			baseConfigurationReference = 40B103E592C8A252D04FA2BC /* Pods-chatApplication.release.xcconfig */;
			buildSettings = {
				ASSETCATALOG_COMPILER_APPICON_NAME = AppIcon;
				ASSETCATALOG_COMPILER_GLOBAL_ACCENT_COLOR_NAME = AccentColor;
				CODE_SIGN_STYLE = Automatic;
				CURRENT_PROJECT_VERSION = 1;
				DEVELOPMENT_TEAM = "";
				GENERATE_INFOPLIST_FILE = YES;
				INFOPLIST_FILE = chatApplication/Info.plist;
				INFOPLIST_KEY_UIApplicationSupportsIndirectInputEvents = YES;
				INFOPLIST_KEY_UILaunchStoryboardName = LaunchScreen;
				INFOPLIST_KEY_UIMainStoryboardFile = Main;
				INFOPLIST_KEY_UISupportedInterfaceOrientations_iPad = "UIInterfaceOrientationPortrait UIInterfaceOrientationPortraitUpsideDown UIInterfaceOrientationLandscapeLeft UIInterfaceOrientationLandscapeRight";
				INFOPLIST_KEY_UISupportedInterfaceOrientations_iPhone = "UIInterfaceOrientationPortrait UIInterfaceOrientationLandscapeLeft UIInterfaceOrientationLandscapeRight";
				IPHONEOS_DEPLOYMENT_TARGET = 16.3;
				LD_RUNPATH_SEARCH_PATHS = (
					"$(inherited)",
					"@executable_path/Frameworks",
				);
				MARKETING_VERSION = 1.0;
				PRODUCT_BUNDLE_IDENTIFIER = cynex.chatApplication;
				PRODUCT_NAME = "$(TARGET_NAME)";
				SWIFT_EMIT_LOC_STRINGS = YES;
				SWIFT_VERSION = 5.0;
				TARGETED_DEVICE_FAMILY = "1,2";
			};
			name = Release;
		};
/* End XCBuildConfiguration section */

/* Begin XCConfigurationList section */
		3BDCCC322B2AF1F600C7E185 /* Build configuration list for PBXProject "chatApplication" */ = {
			isa = XCConfigurationList;
			buildConfigurations = (
				3BDCCC492B2AF1F800C7E185 /* Debug */,
				3BDCCC4A2B2AF1F800C7E185 /* Release */,
			);
			defaultConfigurationIsVisible = 0;
			defaultConfigurationName = Release;
		};
		3BDCCC4B2B2AF1F800C7E185 /* Build configuration list for PBXNativeTarget "chatApplication" */ = {
			isa = XCConfigurationList;
			buildConfigurations = (
				3BDCCC4C2B2AF1F800C7E185 /* Debug */,
				3BDCCC4D2B2AF1F800C7E185 /* Release */,
			);
			defaultConfigurationIsVisible = 0;
			defaultConfigurationName = Release;
		};
/* End XCConfigurationList section */
	};
	rootObject = 3BDCCC2F2B2AF1F600C7E185 /* Project object */;
}
